
Microsoft Visual Studio Solution File, Format Version 12.00
# Visual Studio Version 16
VisualStudioVersion = 16.0.32630.194
MinimumVisualStudioVersion = 10.0.40219.1
Project("{FAE04EC0-301F-11D3-BF4B-00C04F79EFBC}") = "6.2Test", "6.2Test\6.2Test.csproj", "{B88A2E03-3F5C-4A87-9F7E-531EAB3F0950}"
EndProject
Global
	GlobalSection(SolutionConfigurationPlatforms) = preSolution
		Debug|Any CPU = Debug|Any CPU
		Release|Any CPU = Release|Any CPU
	EndGlobalSection
	GlobalSection(ProjectConfigurationPlatforms) = postSolution
		{B88A2E03-3F5C-4A87-9F7E-531EAB3F0950}.Debug|Any CPU.ActiveCfg = Debug|Any CPU
		{B88A2E03-3F5C-4A87-9F7E-531EAB3F0950}.Debug|Any CPU.Build.0 = Debug|Any CPU
		{B88A2E03-3F5C-4A87-9F7E-531EAB3F0950}.Release|Any CPU.ActiveCfg = Release|Any CPU
		{B88A2E03-3F5C-4A87-9F7E-531EAB3F0950}.Release|Any CPU.Build.0 = Release|Any CPU
	EndGlobalSection
	GlobalSection(SolutionProperties) = preSolution
		HideSolutionNode = FALSE
	EndGlobalSection
	GlobalSection(ExtensibilityGlobals) = postSolution
		SolutionGuid = {87EE0380-8745-4CED-91BE-708B32543F22}
	EndGlobalSection
EndGlobal
